
Microsoft Visual Studio Solution File, Format Version 12.00
# Visual Studio 15
VisualStudioVersion = 15.0.28307.539
MinimumVisualStudioVersion = 10.0.40219.1
Project("{FAE04EC0-301F-11D3-BF4B-00C04F79EFBC}") = "AttrContainerLib", "AttrContainer\AttrContainerLib.csproj", "{C9246A8C-E7EA-4E7A-99FE-DA9E76C55927}"
EndProject
Project("{FAE04EC0-301F-11D3-BF4B-00C04F79EFBC}") = "AttrContainerLibTest", "AttrContainerTest\AttrContainerLibTest.csproj", "{AD4EF4A5-BB1B-47BF-BFA0-54FDDDC9CC14}"
EndProject
Project("{FAE04EC0-301F-11D3-BF4B-00C04F79EFBC}") = "SerializationLib", "SerializationLib\SerializationLib.csproj", "{D0F9E2EA-EF05-4422-BDC4-E7BD22F5398B}"
EndProject
Project("{FAE04EC0-301F-11D3-BF4B-00C04F79EFBC}") = "SerializationLibTest", "SerializationLibTest\SerializationLibTest.csproj", "{9612BE2A-DD69-434C-A7B0-D5B8A2827E4B}"
EndProject
Project("{FAE04EC0-301F-11D3-BF4B-00C04F79EFBC}") = "UnitTestHelpers", "UnitTestHelpers\UnitTestHelpers.csproj", "{BD777E5E-6CF5-49A7-B362-07EEA2F090F5}"
EndProject
Global
	GlobalSection(SolutionConfigurationPlatforms) = preSolution
		Debug|Any CPU = Debug|Any CPU
		Release|Any CPU = Release|Any CPU
	EndGlobalSection
	GlobalSection(ProjectConfigurationPlatforms) = postSolution
		{C9246A8C-E7EA-4E7A-99FE-DA9E76C55927}.Debug|Any CPU.ActiveCfg = Debug|Any CPU
		{C9246A8C-E7EA-4E7A-99FE-DA9E76C55927}.Debug|Any CPU.Build.0 = Debug|Any CPU
		{C9246A8C-E7EA-4E7A-99FE-DA9E76C55927}.Release|Any CPU.ActiveCfg = Release|Any CPU
		{C9246A8C-E7EA-4E7A-99FE-DA9E76C55927}.Release|Any CPU.Build.0 = Release|Any CPU
		{AD4EF4A5-BB1B-47BF-BFA0-54FDDDC9CC14}.Debug|Any CPU.ActiveCfg = Debug|Any CPU
		{AD4EF4A5-BB1B-47BF-BFA0-54FDDDC9CC14}.Debug|Any CPU.Build.0 = Debug|Any CPU
		{AD4EF4A5-BB1B-47BF-BFA0-54FDDDC9CC14}.Release|Any CPU.ActiveCfg = Release|Any CPU
		{AD4EF4A5-BB1B-47BF-BFA0-54FDDDC9CC14}.Release|Any CPU.Build.0 = Release|Any CPU
		{D0F9E2EA-EF05-4422-BDC4-E7BD22F5398B}.Debug|Any CPU.ActiveCfg = Debug|Any CPU
		{D0F9E2EA-EF05-4422-BDC4-E7BD22F5398B}.Debug|Any CPU.Build.0 = Debug|Any CPU
		{D0F9E2EA-EF05-4422-BDC4-E7BD22F5398B}.Release|Any CPU.ActiveCfg = Release|Any CPU
		{D0F9E2EA-EF05-4422-BDC4-E7BD22F5398B}.Release|Any CPU.Build.0 = Release|Any CPU
		{9612BE2A-DD69-434C-A7B0-D5B8A2827E4B}.Debug|Any CPU.ActiveCfg = Debug|Any CPU
		{9612BE2A-DD69-434C-A7B0-D5B8A2827E4B}.Debug|Any CPU.Build.0 = Debug|Any CPU
		{9612BE2A-DD69-434C-A7B0-D5B8A2827E4B}.Release|Any CPU.ActiveCfg = Release|Any CPU
		{9612BE2A-DD69-434C-A7B0-D5B8A2827E4B}.Release|Any CPU.Build.0 = Release|Any CPU
		{BD777E5E-6CF5-49A7-B362-07EEA2F090F5}.Debug|Any CPU.ActiveCfg = Debug|Any CPU
		{BD777E5E-6CF5-49A7-B362-07EEA2F090F5}.Debug|Any CPU.Build.0 = Debug|Any CPU
		{BD777E5E-6CF5-49A7-B362-07EEA2F090F5}.Release|Any CPU.ActiveCfg = Release|Any CPU
		{BD777E5E-6CF5-49A7-B362-07EEA2F090F5}.Release|Any CPU.Build.0 = Release|Any CPU
	EndGlobalSection
	GlobalSection(SolutionProperties) = preSolution
		HideSolutionNode = FALSE
	EndGlobalSection
	GlobalSection(ExtensibilityGlobals) = postSolution
		SolutionGuid = {6AA8BE19-1237-403B-87E4-21DB5CE75154}
	EndGlobalSection
EndGlobal
